
Microsoft Visual Studio Solution File, Format Version 12.00
# Visual Studio 14
VisualStudioVersion = 14.0.25123.0
MinimumVisualStudioVersion = 10.0.40219.1
Project("{FAE04EC0-301F-11D3-BF4B-00C04F79EFBC}") = "KhepriRevit", "KhepriRevit\KhepriRevit.csproj", "{0368488B-E618-4407-AF50-D9C56F60AF4F}"
EndProject
Project("{2150E333-8FDC-42A3-9474-1A3956D46DE8}") = "Solution Items", "Solution Items", "{4A8ED27F-2D06-485E-BB12-B91F044CF3A8}"
	ProjectSection(SolutionItems) = preProject
		Performance1.psess = Performance1.psess
	EndProjectSection
EndProject
Global
	GlobalSection(Performance) = preSolution
		HasPerformanceSessions = true
	EndGlobalSection
	GlobalSection(SolutionConfigurationPlatforms) = preSolution
		Debug|Any CPU = Debug|Any CPU
		Debug|x64 = Debug|x64
		Release|Any CPU = Release|Any CPU
		Release|x64 = Release|x64
	EndGlobalSection
	GlobalSection(ProjectConfigurationPlatforms) = postSolution
		{0368488B-E618-4407-AF50-D9C56F60AF4F}.Debug|Any CPU.ActiveCfg = Debug|Any CPU
		{0368488B-E618-4407-AF50-D9C56F60AF4F}.Debug|Any CPU.Build.0 = Debug|Any CPU
		{0368488B-E618-4407-AF50-D9C56F60AF4F}.Debug|x64.ActiveCfg = Debug|x64
		{0368488B-E618-4407-AF50-D9C56F60AF4F}.Debug|x64.Build.0 = Debug|x64
		{0368488B-E618-4407-AF50-D9C56F60AF4F}.Release|Any CPU.ActiveCfg = Release|Any CPU
		{0368488B-E618-4407-AF50-D9C56F60AF4F}.Release|Any CPU.Build.0 = Release|Any CPU
		{0368488B-E618-4407-AF50-D9C56F60AF4F}.Release|x64.ActiveCfg = Release|x64
		{0368488B-E618-4407-AF50-D9C56F60AF4F}.Release|x64.Build.0 = Release|x64
	EndGlobalSection
	GlobalSection(SolutionProperties) = preSolution
		HideSolutionNode = FALSE
	EndGlobalSection
EndGlobal
